
Microsoft Visual Studio Solution File, Format Version 12.00
# Visual Studio 14
VisualStudioVersion = 14.0.25420.1
MinimumVisualStudioVersion = 10.0.40219.1
Project("{DA7A21FA-8162-4350-AD77-A8D1B671F3ED}") = "RStudieR", "RStudieR\RStudieR.rxproj", "{9318BA28-57FB-40F7-B252-7021B8ADDF79}"
EndProject
Project("{DA7A21FA-8162-4350-AD77-A8D1B671F3ED}") = "RFundamentals", "RFundamentals\RFundamentals.rxproj", "{4E9F1695-7BEB-4CC8-9184-FC5E6B705979}"
EndProject
Project("{DA7A21FA-8162-4350-AD77-A8D1B671F3ED}") = "DataAnalyseR", "DataAnalyseR\DataAnalyseR.rxproj", "{3391DF16-396A-4589-8A43-0C2547105FBF}"
EndProject
Project("{DA7A21FA-8162-4350-AD77-A8D1B671F3ED}") = "DataVisualizationDevelopeR", "DataVisualizationDevelopeR\DataVisualizationDevelopeR.rxproj", "{6ABE33B1-0CD8-48F9-8A6F-0629D4C308DF}"
EndProject
Project("{DA7A21FA-8162-4350-AD77-A8D1B671F3ED}") = "DataCampeR", "DataCampeR\DataCampeR.rxproj", "{424DE42C-500C-40B3-8F15-53A242EDC81B}"
EndProject
Project("{DA7A21FA-8162-4350-AD77-A8D1B671F3ED}") = "Talk", "Talk\Talk.rxproj", "{C0949A98-D251-4E24-94ED-77B707AC6EA2}"
EndProject
Project("{DA7A21FA-8162-4350-AD77-A8D1B671F3ED}") = "Workshop", "Workshop\Workshop.rxproj", "{895FE45D-17A4-4BB9-82C5-A57AB6071399}"
EndProject
Project("{DA7A21FA-8162-4350-AD77-A8D1B671F3ED}") = "DataMineR", "DataMineR\DataMineR.rxproj", "{85D4D9C2-D2ED-44A0-A16E-55854A1BCF80}"
EndProject
Project("{DA7A21FA-8162-4350-AD77-A8D1B671F3ED}") = "ROpeneR", "ROpeneR\ROpeneR.rxproj", "{53014CC4-8F83-4E28-A9E5-59E6EF8F929E}"
EndProject
Project("{DA7A21FA-8162-4350-AD77-A8D1B671F3ED}") = "EnergyDemandForecasteR", "EnergyDemandForecasteR\EnergyDemandForecasteR.rxproj", "{570BD97F-2F2E-4758-BD45-0003276D2301}"
EndProject
Project("{DA7A21FA-8162-4350-AD77-A8D1B671F3ED}") = "FraudDetectoR", "FraudDetectoR\FraudDetectoR.rxproj", "{894E285B-A424-4DB7-B379-2DEA09F177B4}"
EndProject
Project("{DA7A21FA-8162-4350-AD77-A8D1B671F3ED}") = "PredictiveMainteneR", "PredictiveMainteneR\PredictiveMainteneR.rxproj", "{C898BB18-E49D-41E2-A102-13D387A2F971}"
EndProject
Project("{DA7A21FA-8162-4350-AD77-A8D1B671F3ED}") = "RetailForecasteR", "RetailForecasteR\RetailForecasteR.rxproj", "{34CE1E99-4F96-4A81-9B45-C9CF45C92E19}"
EndProject
Project("{DA7A21FA-8162-4350-AD77-A8D1B671F3ED}") = "Ggplot2Book", "Ggplot2Book\Ggplot2Book.rxproj", "{CE148C80-65F3-45AA-85C9-EB4D7A24CC70}"
EndProject
Project("{DA7A21FA-8162-4350-AD77-A8D1B671F3ED}") = "SqlODBC", "SqlODBC\SqlODBC.rxproj", "{18533BFA-D6AE-4604-A1C3-E63C44906446}"
EndProject
Project("{DA7A21FA-8162-4350-AD77-A8D1B671F3ED}") = "PublicHealth", "PublicHealth\PublicHealth.rxproj", "{8D3E9C8F-224F-45CD-9A93-E59044D0458F}"
EndProject
Project("{DA7A21FA-8162-4350-AD77-A8D1B671F3ED}") = "OlympicsAthletes", "OlympicsAthletes\OlympicsAthletes.rxproj", "{4D211F12-71C0-4FF2-A334-BDFF04D911B5}"
EndProject
Project("{DA7A21FA-8162-4350-AD77-A8D1B671F3ED}") = "BigDataU.R101", "BigDataU.R101\BigDataU.R101.rxproj", "{3B47AC66-6931-4F31-9101-96119EDDC95E}"
EndProject
Global
	GlobalSection(SolutionConfigurationPlatforms) = preSolution
		Debug|Any CPU = Debug|Any CPU
		Release|Any CPU = Release|Any CPU
	EndGlobalSection
	GlobalSection(SolutionProperties) = preSolution
		HideSolutionNode = FALSE
	EndGlobalSection
EndGlobal
